
Microsoft Visual Studio Solution File, Format Version 12.00
# Visual Studio Version 17
VisualStudioVersion = 17.0.31903.59
MinimumVisualStudioVersion = 10.0.40219.1
Project("{FAE04EC0-301F-11D3-BF4B-00C04F79EFBC}") = "benchmark", "benchmark.csproj", "{153B57F9-129D-47CA-95AF-B104D3C9D46D}"
EndProject
Global
	GlobalSection(SolutionConfigurationPlatforms) = preSolution
		Debug|Any CPU = Debug|Any CPU
		Release|Any CPU = Release|Any CPU
	EndGlobalSection
	GlobalSection(SolutionProperties) = preSolution
		HideSolutionNode = FALSE
	EndGlobalSection
	GlobalSection(ProjectConfigurationPlatforms) = postSolution
		{153B57F9-129D-47CA-95AF-B104D3C9D46D}.Debug|Any CPU.ActiveCfg = Debug|Any CPU
		{153B57F9-129D-47CA-95AF-B104D3C9D46D}.Debug|Any CPU.Build.0 = Debug|Any CPU
		{153B57F9-129D-47CA-95AF-B104D3C9D46D}.Release|Any CPU.ActiveCfg = Release|Any CPU
		{153B57F9-129D-47CA-95AF-B104D3C9D46D}.Release|Any CPU.Build.0 = Release|Any CPU
	EndGlobalSection
EndGlobal
